
Microsoft Visual Studio Solution File, Format Version 12.00
# Visual Studio Version 17
VisualStudioVersion = 17.9.34622.214
MinimumVisualStudioVersion = 10.0.40219.1
Project("{FAE04EC0-301F-11D3-BF4B-00C04F79EFBC}") = "NewTaskNote", "NewTaskNote\NewTaskNote.csproj", "{BB2181AC-D56E-4EDE-9F38-3A0C5CF98338}"
EndProject
Global
	GlobalSection(SolutionConfigurationPlatforms) = preSolution
		Debug|Any CPU = Debug|Any CPU
		Release|Any CPU = Release|Any CPU
	EndGlobalSection
	GlobalSection(ProjectConfigurationPlatforms) = postSolution
		{BB2181AC-D56E-4EDE-9F38-3A0C5CF98338}.Debug|Any CPU.ActiveCfg = Debug|Any CPU
		{BB2181AC-D56E-4EDE-9F38-3A0C5CF98338}.Debug|Any CPU.Build.0 = Debug|Any CPU
		{BB2181AC-D56E-4EDE-9F38-3A0C5CF98338}.Debug|Any CPU.Deploy.0 = Debug|Any CPU
		{BB2181AC-D56E-4EDE-9F38-3A0C5CF98338}.Release|Any CPU.ActiveCfg = Release|Any CPU
		{BB2181AC-D56E-4EDE-9F38-3A0C5CF98338}.Release|Any CPU.Build.0 = Release|Any CPU
		{BB2181AC-D56E-4EDE-9F38-3A0C5CF98338}.Release|Any CPU.Deploy.0 = Release|Any CPU
	EndGlobalSection
	GlobalSection(SolutionProperties) = preSolution
		HideSolutionNode = FALSE
	EndGlobalSection
	GlobalSection(ExtensibilityGlobals) = postSolution
		SolutionGuid = {6237D1F1-FB62-4DFA-933E-E9AC5DF3702D}
	EndGlobalSection
EndGlobal
